
Microsoft Visual Studio Solution File, Format Version 12.00
# Visual Studio 15
VisualStudioVersion = 15.0.26124.0
MinimumVisualStudioVersion = 15.0.26124.0
Project("{FAE04EC0-301F-11D3-BF4B-00C04F79EFBC}") = "API", "API\API.csproj", "{C7D5B637-D0D5-4E3E-BEBB-C902009E397E}"
EndProject
Project("{FAE04EC0-301F-11D3-BF4B-00C04F79EFBC}") = "Core", "Core\Core.csproj", "{1588E988-109A-4291-A40A-A7F60CB79FE8}"
EndProject
Project("{FAE04EC0-301F-11D3-BF4B-00C04F79EFBC}") = "Infrastructure", "Infrastructure\Infrastructure.csproj", "{5CD30F0F-3AB2-4BC9-B8E6-B0D6BE0B7865}"
EndProject
Global
	GlobalSection(SolutionConfigurationPlatforms) = preSolution
		Debug|Any CPU = Debug|Any CPU
		Debug|x64 = Debug|x64
		Debug|x86 = Debug|x86
		Release|Any CPU = Release|Any CPU
		Release|x64 = Release|x64
		Release|x86 = Release|x86
	EndGlobalSection
	GlobalSection(SolutionProperties) = preSolution
		HideSolutionNode = FALSE
	EndGlobalSection
	GlobalSection(ProjectConfigurationPlatforms) = postSolution
		{C7D5B637-D0D5-4E3E-BEBB-C902009E397E}.Debug|Any CPU.ActiveCfg = Debug|Any CPU
		{C7D5B637-D0D5-4E3E-BEBB-C902009E397E}.Debug|Any CPU.Build.0 = Debug|Any CPU
		{C7D5B637-D0D5-4E3E-BEBB-C902009E397E}.Debug|x64.ActiveCfg = Debug|Any CPU
		{C7D5B637-D0D5-4E3E-BEBB-C902009E397E}.Debug|x64.Build.0 = Debug|Any CPU
		{C7D5B637-D0D5-4E3E-BEBB-C902009E397E}.Debug|x86.ActiveCfg = Debug|Any CPU
		{C7D5B637-D0D5-4E3E-BEBB-C902009E397E}.Debug|x86.Build.0 = Debug|Any CPU
		{C7D5B637-D0D5-4E3E-BEBB-C902009E397E}.Release|Any CPU.ActiveCfg = Release|Any CPU
		{C7D5B637-D0D5-4E3E-BEBB-C902009E397E}.Release|Any CPU.Build.0 = Release|Any CPU
		{C7D5B637-D0D5-4E3E-BEBB-C902009E397E}.Release|x64.ActiveCfg = Release|Any CPU
		{C7D5B637-D0D5-4E3E-BEBB-C902009E397E}.Release|x64.Build.0 = Release|Any CPU
		{C7D5B637-D0D5-4E3E-BEBB-C902009E397E}.Release|x86.ActiveCfg = Release|Any CPU
		{C7D5B637-D0D5-4E3E-BEBB-C902009E397E}.Release|x86.Build.0 = Release|Any CPU
		{1588E988-109A-4291-A40A-A7F60CB79FE8}.Debug|Any CPU.ActiveCfg = Debug|Any CPU
		{1588E988-109A-4291-A40A-A7F60CB79FE8}.Debug|Any CPU.Build.0 = Debug|Any CPU
		{1588E988-109A-4291-A40A-A7F60CB79FE8}.Debug|x64.ActiveCfg = Debug|Any CPU
		{1588E988-109A-4291-A40A-A7F60CB79FE8}.Debug|x64.Build.0 = Debug|Any CPU
		{1588E988-109A-4291-A40A-A7F60CB79FE8}.Debug|x86.ActiveCfg = Debug|Any CPU
		{1588E988-109A-4291-A40A-A7F60CB79FE8}.Debug|x86.Build.0 = Debug|Any CPU
		{1588E988-109A-4291-A40A-A7F60CB79FE8}.Release|Any CPU.ActiveCfg = Release|Any CPU
		{1588E988-109A-4291-A40A-A7F60CB79FE8}.Release|Any CPU.Build.0 = Release|Any CPU
		{1588E988-109A-4291-A40A-A7F60CB79FE8}.Release|x64.ActiveCfg = Release|Any CPU
		{1588E988-109A-4291-A40A-A7F60CB79FE8}.Release|x64.Build.0 = Release|Any CPU
		{1588E988-109A-4291-A40A-A7F60CB79FE8}.Release|x86.ActiveCfg = Release|Any CPU
		{1588E988-109A-4291-A40A-A7F60CB79FE8}.Release|x86.Build.0 = Release|Any CPU
		{5CD30F0F-3AB2-4BC9-B8E6-B0D6BE0B7865}.Debug|Any CPU.ActiveCfg = Debug|Any CPU
		{5CD30F0F-3AB2-4BC9-B8E6-B0D6BE0B7865}.Debug|Any CPU.Build.0 = Debug|Any CPU
		{5CD30F0F-3AB2-4BC9-B8E6-B0D6BE0B7865}.Debug|x64.ActiveCfg = Debug|Any CPU
		{5CD30F0F-3AB2-4BC9-B8E6-B0D6BE0B7865}.Debug|x64.Build.0 = Debug|Any CPU
		{5CD30F0F-3AB2-4BC9-B8E6-B0D6BE0B7865}.Debug|x86.ActiveCfg = Debug|Any CPU
		{5CD30F0F-3AB2-4BC9-B8E6-B0D6BE0B7865}.Debug|x86.Build.0 = Debug|Any CPU
		{5CD30F0F-3AB2-4BC9-B8E6-B0D6BE0B7865}.Release|Any CPU.ActiveCfg = Release|Any CPU
		{5CD30F0F-3AB2-4BC9-B8E6-B0D6BE0B7865}.Release|Any CPU.Build.0 = Release|Any CPU
		{5CD30F0F-3AB2-4BC9-B8E6-B0D6BE0B7865}.Release|x64.ActiveCfg = Release|Any CPU
		{5CD30F0F-3AB2-4BC9-B8E6-B0D6BE0B7865}.Release|x64.Build.0 = Release|Any CPU
		{5CD30F0F-3AB2-4BC9-B8E6-B0D6BE0B7865}.Release|x86.ActiveCfg = Release|Any CPU
		{5CD30F0F-3AB2-4BC9-B8E6-B0D6BE0B7865}.Release|x86.Build.0 = Release|Any CPU
	EndGlobalSection
EndGlobal
